// !$*UTF8*$!
{
	archiveVersion = 1;
	classes = {
	};
	objectVersion = 51;
	objects = {

/* Begin PBXBuildFile section */
		8770406F21C362E95D02FCF1 /* Pods_GeekBrainsVkClient.framework in Frameworks */ = {isa = PBXBuildFile; fileRef = 65AC422844216B1BD66214DE /* Pods_GeekBrainsVkClient.framework */; };
		9F0E4ED523B4F1580072FD34 /* AppDelegate.swift in Sources */ = {isa = PBXBuildFile; fileRef = 9F0E4ED423B4F1580072FD34 /* AppDelegate.swift */; };
		9F0E4ED723B4F1580072FD34 /* SceneDelegate.swift in Sources */ = {isa = PBXBuildFile; fileRef = 9F0E4ED623B4F1580072FD34 /* SceneDelegate.swift */; };
		9F0E4EDC23B4F1580072FD34 /* Main.storyboard in Resources */ = {isa = PBXBuildFile; fileRef = 9F0E4EDA23B4F1580072FD34 /* Main.storyboard */; };
		9F0E4EE123B4F15A0072FD34 /* LaunchScreen.storyboard in Resources */ = {isa = PBXBuildFile; fileRef = 9F0E4EDF23B4F15A0072FD34 /* LaunchScreen.storyboard */; };
		9F0E4EF223BA2BC60072FD34 /* LoginViewController.swift in Sources */ = {isa = PBXBuildFile; fileRef = 9F0E4EF123BA2BC60072FD34 /* LoginViewController.swift */; };
		9F0E4EF423BA347D0072FD34 /* Assets.xcassets in Resources */ = {isa = PBXBuildFile; fileRef = 9F0E4EF323BA347D0072FD34 /* Assets.xcassets */; };
		9F0E4EFA23C036D40072FD34 /* LoginScreenTextField.swift in Sources */ = {isa = PBXBuildFile; fileRef = 9F0E4EF923C036D40072FD34 /* LoginScreenTextField.swift */; };
		9F2D99F1241BA97B006BD8CE /* Session.swift in Sources */ = {isa = PBXBuildFile; fileRef = 9F2D99F0241BA97B006BD8CE /* Session.swift */; };
		9F2D99F3241FB805006BD8CE /* Login.swift in Sources */ = {isa = PBXBuildFile; fileRef = 9F2D99F2241FB805006BD8CE /* Login.swift */; };
		9F2D99F5241FD83D006BD8CE /* API.swift in Sources */ = {isa = PBXBuildFile; fileRef = 9F2D99F4241FD83D006BD8CE /* API.swift */; };
		9FE0441723E99FD000035826 /* SplashView.swift in Sources */ = {isa = PBXBuildFile; fileRef = 9FE0441623E99FD000035826 /* SplashView.swift */; };
		9FE0442623EAE77F00035826 /* SpringImage.swift in Sources */ = {isa = PBXBuildFile; fileRef = 9FE0442523EAE77F00035826 /* SpringImage.swift */; };
		9FE0442823EDA89100035826 /* DetailView.swift in Sources */ = {isa = PBXBuildFile; fileRef = 9FE0442723EDA89100035826 /* DetailView.swift */; };
		9FF2973723DF0FDD004856E7 /* NSObject+Extension.swift in Sources */ = {isa = PBXBuildFile; fileRef = 9FF2973623DF0FDD004856E7 /* NSObject+Extension.swift */; };
		9FF2973923DF106A004856E7 /* UIKit+Extension.swift in Sources */ = {isa = PBXBuildFile; fileRef = 9FF2973823DF106A004856E7 /* UIKit+Extension.swift */; };
		9FF2973B23DF1294004856E7 /* FriendListController.swift in Sources */ = {isa = PBXBuildFile; fileRef = 9FF2973A23DF1294004856E7 /* FriendListController.swift */; };
		9FF2973F23E06576004856E7 /* FriendsPhotoController.swift in Sources */ = {isa = PBXBuildFile; fileRef = 9FF2973E23E06576004856E7 /* FriendsPhotoController.swift */; };
		9FF2974823E31439004856E7 /* UserGroupsController.swift in Sources */ = {isa = PBXBuildFile; fileRef = 9FF2974723E31439004856E7 /* UserGroupsController.swift */; };
		9FF2974A23E446D7004856E7 /* NewsController.swift in Sources */ = {isa = PBXBuildFile; fileRef = 9FF2974923E446D7004856E7 /* NewsController.swift */; };
		9FF2974E23E44836004856E7 /* NewsCell.swift in Sources */ = {isa = PBXBuildFile; fileRef = 9FF2974C23E44836004856E7 /* NewsCell.swift */; };
		9FF2974F23E44836004856E7 /* NewsCell.xib in Resources */ = {isa = PBXBuildFile; fileRef = 9FF2974D23E44836004856E7 /* NewsCell.xib */; };
		9FF2975223E44868004856E7 /* NewsImageCellCollectionViewCell.swift in Sources */ = {isa = PBXBuildFile; fileRef = 9FF2975023E44868004856E7 /* NewsImageCellCollectionViewCell.swift */; };
		9FF2975323E44868004856E7 /* NewsImageCellCollectionViewCell.xib in Resources */ = {isa = PBXBuildFile; fileRef = 9FF2975123E44868004856E7 /* NewsImageCellCollectionViewCell.xib */; };
		9FFE5F1323CF48B200883D51 /* TestModels.swift in Sources */ = {isa = PBXBuildFile; fileRef = 9FFE5F1223CF48B200883D51 /* TestModels.swift */; };
		9FFE5F1723CF497000883D51 /* GroupsTableViewController.swift in Sources */ = {isa = PBXBuildFile; fileRef = 9FFE5F1623CF497000883D51 /* GroupsTableViewController.swift */; };
		9FFE5F4C23D5D21800883D51 /* CustomCell.swift in Sources */ = {isa = PBXBuildFile; fileRef = 9FFE5F4A23D5D21800883D51 /* CustomCell.swift */; };
		9FFE5F4D23D5D21800883D51 /* CustomCell.xib in Resources */ = {isa = PBXBuildFile; fileRef = 9FFE5F4B23D5D21800883D51 /* CustomCell.xib */; };
		9FFE5F5023D5DF8200883D51 /* PhotoCell.swift in Sources */ = {isa = PBXBuildFile; fileRef = 9FFE5F4E23D5DF8200883D51 /* PhotoCell.swift */; };
		9FFE5F5123D5DF8200883D51 /* PhotoCell.xib in Resources */ = {isa = PBXBuildFile; fileRef = 9FFE5F4F23D5DF8200883D51 /* PhotoCell.xib */; };
		9FFE5F5323D6016B00883D51 /* GroupCell.swift in Sources */ = {isa = PBXBuildFile; fileRef = 9FFE5F5223D6016B00883D51 /* GroupCell.swift */; };
		9FFE5F5723D9D74400883D51 /* ShadowView.swift in Sources */ = {isa = PBXBuildFile; fileRef = 9FFE5F5623D9D74400883D51 /* ShadowView.swift */; };
		9FFE5F7C23D9F60D00883D51 /* LikeMeter.swift in Sources */ = {isa = PBXBuildFile; fileRef = 9FFE5F7B23D9F60D00883D51 /* LikeMeter.swift */; };
/* End PBXBuildFile section */

/* Begin PBXFileReference section */
		64F3C8BAD28254D4BD5B6F54 /* Pods-GeekBrainsVkClient.release.xcconfig */ = {isa = PBXFileReference; includeInIndex = 1; lastKnownFileType = text.xcconfig; name = "Pods-GeekBrainsVkClient.release.xcconfig"; path = "Target Support Files/Pods-GeekBrainsVkClient/Pods-GeekBrainsVkClient.release.xcconfig"; sourceTree = "<group>"; };
		65AC422844216B1BD66214DE /* Pods_GeekBrainsVkClient.framework */ = {isa = PBXFileReference; explicitFileType = wrapper.framework; includeInIndex = 0; path = Pods_GeekBrainsVkClient.framework; sourceTree = BUILT_PRODUCTS_DIR; };
		7F756A0B764E97D5A5A6F316 /* Pods-GeekBrainsVkClient.debug.xcconfig */ = {isa = PBXFileReference; includeInIndex = 1; lastKnownFileType = text.xcconfig; name = "Pods-GeekBrainsVkClient.debug.xcconfig"; path = "Target Support Files/Pods-GeekBrainsVkClient/Pods-GeekBrainsVkClient.debug.xcconfig"; sourceTree = "<group>"; };
		9F0E4ED123B4F1580072FD34 /* GeekBrainsVkClient.app */ = {isa = PBXFileReference; explicitFileType = wrapper.application; includeInIndex = 0; path = GeekBrainsVkClient.app; sourceTree = BUILT_PRODUCTS_DIR; };
		9F0E4ED423B4F1580072FD34 /* AppDelegate.swift */ = {isa = PBXFileReference; lastKnownFileType = sourcecode.swift; path = AppDelegate.swift; sourceTree = "<group>"; };
		9F0E4ED623B4F1580072FD34 /* SceneDelegate.swift */ = {isa = PBXFileReference; lastKnownFileType = sourcecode.swift; path = SceneDelegate.swift; sourceTree = "<group>"; };
		9F0E4EDB23B4F1580072FD34 /* Base */ = {isa = PBXFileReference; lastKnownFileType = file.storyboard; name = Base; path = Base.lproj/Main.storyboard; sourceTree = "<group>"; };
		9F0E4EE023B4F15A0072FD34 /* Base */ = {isa = PBXFileReference; lastKnownFileType = file.storyboard; name = Base; path = Base.lproj/LaunchScreen.storyboard; sourceTree = "<group>"; };
		9F0E4EE223B4F15A0072FD34 /* Info.plist */ = {isa = PBXFileReference; lastKnownFileType = text.plist.xml; path = Info.plist; sourceTree = "<group>"; };
		9F0E4EF123BA2BC60072FD34 /* LoginViewController.swift */ = {isa = PBXFileReference; lastKnownFileType = sourcecode.swift; path = LoginViewController.swift; sourceTree = "<group>"; };
		9F0E4EF323BA347D0072FD34 /* Assets.xcassets */ = {isa = PBXFileReference; lastKnownFileType = folder.assetcatalog; path = Assets.xcassets; sourceTree = "<group>"; };
		9F0E4EF923C036D40072FD34 /* LoginScreenTextField.swift */ = {isa = PBXFileReference; lastKnownFileType = sourcecode.swift; path = LoginScreenTextField.swift; sourceTree = "<group>"; };
		9F2D99F0241BA97B006BD8CE /* Session.swift */ = {isa = PBXFileReference; lastKnownFileType = sourcecode.swift; path = Session.swift; sourceTree = "<group>"; };
		9F2D99F2241FB805006BD8CE /* Login.swift */ = {isa = PBXFileReference; lastKnownFileType = sourcecode.swift; path = Login.swift; sourceTree = "<group>"; };
		9F2D99F4241FD83D006BD8CE /* API.swift */ = {isa = PBXFileReference; lastKnownFileType = sourcecode.swift; path = API.swift; sourceTree = "<group>"; };
		9FE0441623E99FD000035826 /* SplashView.swift */ = {isa = PBXFileReference; lastKnownFileType = sourcecode.swift; path = SplashView.swift; sourceTree = "<group>"; };
		9FE0442523EAE77F00035826 /* SpringImage.swift */ = {isa = PBXFileReference; lastKnownFileType = sourcecode.swift; path = SpringImage.swift; sourceTree = "<group>"; };
		9FE0442723EDA89100035826 /* DetailView.swift */ = {isa = PBXFileReference; lastKnownFileType = sourcecode.swift; path = DetailView.swift; sourceTree = "<group>"; };
		9FF2973623DF0FDD004856E7 /* NSObject+Extension.swift */ = {isa = PBXFileReference; lastKnownFileType = sourcecode.swift; path = "NSObject+Extension.swift"; sourceTree = "<group>"; };
		9FF2973823DF106A004856E7 /* UIKit+Extension.swift */ = {isa = PBXFileReference; lastKnownFileType = sourcecode.swift; path = "UIKit+Extension.swift"; sourceTree = "<group>"; };
		9FF2973A23DF1294004856E7 /* FriendListController.swift */ = {isa = PBXFileReference; lastKnownFileType = sourcecode.swift; path = FriendListController.swift; sourceTree = "<group>"; };
		9FF2973E23E06576004856E7 /* FriendsPhotoController.swift */ = {isa = PBXFileReference; lastKnownFileType = sourcecode.swift; path = FriendsPhotoController.swift; sourceTree = "<group>"; };
		9FF2974723E31439004856E7 /* UserGroupsController.swift */ = {isa = PBXFileReference; fileEncoding = 4; lastKnownFileType = sourcecode.swift; path = UserGroupsController.swift; sourceTree = "<group>"; };
		9FF2974923E446D7004856E7 /* NewsController.swift */ = {isa = PBXFileReference; lastKnownFileType = sourcecode.swift; path = NewsController.swift; sourceTree = "<group>"; };
		9FF2974C23E44836004856E7 /* NewsCell.swift */ = {isa = PBXFileReference; lastKnownFileType = sourcecode.swift; path = NewsCell.swift; sourceTree = "<group>"; };
		9FF2974D23E44836004856E7 /* NewsCell.xib */ = {isa = PBXFileReference; lastKnownFileType = file.xib; path = NewsCell.xib; sourceTree = "<group>"; };
		9FF2975023E44868004856E7 /* NewsImageCellCollectionViewCell.swift */ = {isa = PBXFileReference; lastKnownFileType = sourcecode.swift; path = NewsImageCellCollectionViewCell.swift; sourceTree = "<group>"; };
		9FF2975123E44868004856E7 /* NewsImageCellCollectionViewCell.xib */ = {isa = PBXFileReference; lastKnownFileType = file.xib; path = NewsImageCellCollectionViewCell.xib; sourceTree = "<group>"; };
		9FFE5F1223CF48B200883D51 /* TestModels.swift */ = {isa = PBXFileReference; lastKnownFileType = sourcecode.swift; path = TestModels.swift; sourceTree = "<group>"; };
		9FFE5F1623CF497000883D51 /* GroupsTableViewController.swift */ = {isa = PBXFileReference; lastKnownFileType = sourcecode.swift; path = GroupsTableViewController.swift; sourceTree = "<group>"; };
		9FFE5F4A23D5D21800883D51 /* CustomCell.swift */ = {isa = PBXFileReference; lastKnownFileType = sourcecode.swift; path = CustomCell.swift; sourceTree = "<group>"; };
		9FFE5F4B23D5D21800883D51 /* CustomCell.xib */ = {isa = PBXFileReference; lastKnownFileType = file.xib; path = CustomCell.xib; sourceTree = "<group>"; };
		9FFE5F4E23D5DF8200883D51 /* PhotoCell.swift */ = {isa = PBXFileReference; lastKnownFileType = sourcecode.swift; path = PhotoCell.swift; sourceTree = "<group>"; };
		9FFE5F4F23D5DF8200883D51 /* PhotoCell.xib */ = {isa = PBXFileReference; lastKnownFileType = file.xib; path = PhotoCell.xib; sourceTree = "<group>"; };
		9FFE5F5223D6016B00883D51 /* GroupCell.swift */ = {isa = PBXFileReference; lastKnownFileType = sourcecode.swift; path = GroupCell.swift; sourceTree = "<group>"; };
		9FFE5F5623D9D74400883D51 /* ShadowView.swift */ = {isa = PBXFileReference; lastKnownFileType = sourcecode.swift; path = ShadowView.swift; sourceTree = "<group>"; };
		9FFE5F7B23D9F60D00883D51 /* LikeMeter.swift */ = {isa = PBXFileReference; lastKnownFileType = sourcecode.swift; path = LikeMeter.swift; sourceTree = "<group>"; };
/* End PBXFileReference section */

/* Begin PBXFrameworksBuildPhase section */
		9F0E4ECE23B4F1580072FD34 /* Frameworks */ = {
			isa = PBXFrameworksBuildPhase;
			buildActionMask = 2147483647;
			files = (
				8770406F21C362E95D02FCF1 /* Pods_GeekBrainsVkClient.framework in Frameworks */,
			);
			runOnlyForDeploymentPostprocessing = 0;
		};
/* End PBXFrameworksBuildPhase section */

/* Begin PBXGroup section */
		82BC80FA0D70D734496D67C6 /* Frameworks */ = {
			isa = PBXGroup;
			children = (
				65AC422844216B1BD66214DE /* Pods_GeekBrainsVkClient.framework */,
			);
			name = Frameworks;
			sourceTree = "<group>";
		};
		8CBE831879E3F41A27C6BD1A /* Pods */ = {
			isa = PBXGroup;
			children = (
				7F756A0B764E97D5A5A6F316 /* Pods-GeekBrainsVkClient.debug.xcconfig */,
				64F3C8BAD28254D4BD5B6F54 /* Pods-GeekBrainsVkClient.release.xcconfig */,
			);
			path = Pods;
			sourceTree = "<group>";
		};
		9F0E4EC823B4F1580072FD34 = {
			isa = PBXGroup;
			children = (
				9F0E4ED323B4F1580072FD34 /* GeekBrainsVkClient */,
				9F0E4ED223B4F1580072FD34 /* Products */,
				8CBE831879E3F41A27C6BD1A /* Pods */,
				82BC80FA0D70D734496D67C6 /* Frameworks */,
			);
			sourceTree = "<group>";
		};
		9F0E4ED223B4F1580072FD34 /* Products */ = {
			isa = PBXGroup;
			children = (
				9F0E4ED123B4F1580072FD34 /* GeekBrainsVkClient.app */,
			);
			name = Products;
			sourceTree = "<group>";
		};
		9F0E4ED323B4F1580072FD34 /* GeekBrainsVkClient */ = {
			isa = PBXGroup;
			children = (
				9F2D99EF241BA95D006BD8CE /* Services */,
				9FF2973323DF0EDC004856E7 /* Extension */,
				9FFE5F7A23D9F5D100883D51 /* Controls */,
				9FFE5F4523D43C9700883D51 /* Views */,
				9FFE5F1123CF487D00883D51 /* Model */,
				9F0E4EF823C036860072FD34 /* CustomVIews */,
				9F0E4EF023BA29EC0072FD34 /* SharedObjects */,
				9F0E4EEF23BA29A40072FD34 /* Resources */,
				9F0E4EEE23BA29200072FD34 /* Screens */,
				9F0E4EE223B4F15A0072FD34 /* Info.plist */,
			);
			path = GeekBrainsVkClient;
			sourceTree = "<group>";
		};
		9F0E4EEE23BA29200072FD34 /* Screens */ = {
			isa = PBXGroup;
			children = (
				9F0E4EDA23B4F1580072FD34 /* Main.storyboard */,
				9F0E4EF123BA2BC60072FD34 /* LoginViewController.swift */,
				9FFE5F1623CF497000883D51 /* GroupsTableViewController.swift */,
				9FF2973A23DF1294004856E7 /* FriendListController.swift */,
				9FF2973E23E06576004856E7 /* FriendsPhotoController.swift */,
				9FF2974723E31439004856E7 /* UserGroupsController.swift */,
				9FF2974923E446D7004856E7 /* NewsController.swift */,
				9FE0441623E99FD000035826 /* SplashView.swift */,
				9FE0442723EDA89100035826 /* DetailView.swift */,
				9F2D99F2241FB805006BD8CE /* Login.swift */,
			);
			path = Screens;
			sourceTree = "<group>";
		};
		9F0E4EEF23BA29A40072FD34 /* Resources */ = {
			isa = PBXGroup;
			children = (
				9F0E4EF323BA347D0072FD34 /* Assets.xcassets */,
			);
			path = Resources;
			sourceTree = "<group>";
		};
		9F0E4EF023BA29EC0072FD34 /* SharedObjects */ = {
			isa = PBXGroup;
			children = (
				9F0E4ED423B4F1580072FD34 /* AppDelegate.swift */,
				9F0E4ED623B4F1580072FD34 /* SceneDelegate.swift */,
				9F0E4EDF23B4F15A0072FD34 /* LaunchScreen.storyboard */,
			);
			path = SharedObjects;
			sourceTree = "<group>";
		};
		9F0E4EF823C036860072FD34 /* CustomVIews */ = {
			isa = PBXGroup;
			children = (
				9F0E4EF923C036D40072FD34 /* LoginScreenTextField.swift */,
				9FFE5F5623D9D74400883D51 /* ShadowView.swift */,
				9FE0442523EAE77F00035826 /* SpringImage.swift */,
			);
			path = CustomVIews;
			sourceTree = "<group>";
		};
		9F2D99EF241BA95D006BD8CE /* Services */ = {
			isa = PBXGroup;
			children = (
				9F2D99F0241BA97B006BD8CE /* Session.swift */,
				9F2D99F4241FD83D006BD8CE /* API.swift */,
			);
			path = Services;
			sourceTree = "<group>";
		};
		9FF2973323DF0EDC004856E7 /* Extension */ = {
			isa = PBXGroup;
			children = (
				9FF2973523DF0F42004856E7 /* Foundation */,
				9FF2973423DF0F33004856E7 /* UIKit */,
			);
			path = Extension;
			sourceTree = "<group>";
		};
		9FF2973423DF0F33004856E7 /* UIKit */ = {
			isa = PBXGroup;
			children = (
				9FF2973823DF106A004856E7 /* UIKit+Extension.swift */,
			);
			path = UIKit;
			sourceTree = "<group>";
		};
		9FF2973523DF0F42004856E7 /* Foundation */ = {
			isa = PBXGroup;
			children = (
				9FF2973623DF0FDD004856E7 /* NSObject+Extension.swift */,
			);
			path = Foundation;
			sourceTree = "<group>";
		};
		9FF2974223E2FD84004856E7 /* FriendListCell */ = {
			isa = PBXGroup;
			children = (
				9FFE5F4A23D5D21800883D51 /* CustomCell.swift */,
				9FFE5F4B23D5D21800883D51 /* CustomCell.xib */,
			);
			path = FriendListCell;
			sourceTree = "<group>";
		};
		9FF2974323E2FDB1004856E7 /* FriendsPhotoCell */ = {
			isa = PBXGroup;
			children = (
				9FFE5F4E23D5DF8200883D51 /* PhotoCell.swift */,
				9FFE5F4F23D5DF8200883D51 /* PhotoCell.xib */,
			);
			path = FriendsPhotoCell;
			sourceTree = "<group>";
		};
		9FF2974B23E44802004856E7 /* NewsCell */ = {
			isa = PBXGroup;
			children = (
				9FF2974C23E44836004856E7 /* NewsCell.swift */,
				9FF2974D23E44836004856E7 /* NewsCell.xib */,
			);
			path = NewsCell;
			sourceTree = "<group>";
		};
		9FF2975423E4486E004856E7 /* NewsImageCell */ = {
			isa = PBXGroup;
			children = (
				9FF2975023E44868004856E7 /* NewsImageCellCollectionViewCell.swift */,
				9FF2975123E44868004856E7 /* NewsImageCellCollectionViewCell.xib */,
			);
			path = NewsImageCell;
			sourceTree = "<group>";
		};
		9FFE5F1123CF487D00883D51 /* Model */ = {
			isa = PBXGroup;
			children = (
				9FFE5F1223CF48B200883D51 /* TestModels.swift */,
			);
			path = Model;
			sourceTree = "<group>";
		};
		9FFE5F4523D43C9700883D51 /* Views */ = {
			isa = PBXGroup;
			children = (
				9FF2975423E4486E004856E7 /* NewsImageCell */,
				9FF2974B23E44802004856E7 /* NewsCell */,
				9FF2974223E2FD84004856E7 /* FriendListCell */,
				9FF2974323E2FDB1004856E7 /* FriendsPhotoCell */,
				9FFE5F5223D6016B00883D51 /* GroupCell.swift */,
			);
			path = Views;
			sourceTree = "<group>";
		};
		9FFE5F7A23D9F5D100883D51 /* Controls */ = {
			isa = PBXGroup;
			children = (
				9FFE5F7B23D9F60D00883D51 /* LikeMeter.swift */,
			);
			path = Controls;
			sourceTree = "<group>";
		};
/* End PBXGroup section */

/* Begin PBXNativeTarget section */
		9F0E4ED023B4F1580072FD34 /* GeekBrainsVkClient */ = {
			isa = PBXNativeTarget;
			buildConfigurationList = 9F0E4EE523B4F15A0072FD34 /* Build configuration list for PBXNativeTarget "GeekBrainsVkClient" */;
			buildPhases = (
				85AA8CFA40A014349D30CA60 /* [CP] Check Pods Manifest.lock */,
				9F0E4ECD23B4F1580072FD34 /* Sources */,
				9F0E4ECE23B4F1580072FD34 /* Frameworks */,
				9F0E4ECF23B4F1580072FD34 /* Resources */,
				A7379C5A630EC5BC9F42E07A /* [CP] Embed Pods Frameworks */,
			);
			buildRules = (
			);
			dependencies = (
			);
			name = GeekBrainsVkClient;
			productName = GeekBrainsVkClient;
			productReference = 9F0E4ED123B4F1580072FD34 /* GeekBrainsVkClient.app */;
			productType = "com.apple.product-type.application";
		};
/* End PBXNativeTarget section */

/* Begin PBXProject section */
		9F0E4EC923B4F1580072FD34 /* Project object */ = {
			isa = PBXProject;
			attributes = {
				LastSwiftUpdateCheck = 1120;
				LastUpgradeCheck = 1120;
				ORGANIZATIONNAME = "Vladimir Rogozhkin";
				TargetAttributes = {
					9F0E4ED023B4F1580072FD34 = {
						CreatedOnToolsVersion = 11.2;
					};
				};
			};
			buildConfigurationList = 9F0E4ECC23B4F1580072FD34 /* Build configuration list for PBXProject "GeekBrainsVkClient" */;
			compatibilityVersion = "Xcode 9.3";
			developmentRegion = en;
			hasScannedForEncodings = 0;
			knownRegions = (
				en,
				Base,
			);
			mainGroup = 9F0E4EC823B4F1580072FD34;
			productRefGroup = 9F0E4ED223B4F1580072FD34 /* Products */;
			projectDirPath = "";
			projectRoot = "";
			targets = (
				9F0E4ED023B4F1580072FD34 /* GeekBrainsVkClient */,
			);
		};
/* End PBXProject section */

/* Begin PBXResourcesBuildPhase section */
		9F0E4ECF23B4F1580072FD34 /* Resources */ = {
			isa = PBXResourcesBuildPhase;
			buildActionMask = 2147483647;
			files = (
				9FF2974F23E44836004856E7 /* NewsCell.xib in Resources */,
				9F0E4EE123B4F15A0072FD34 /* LaunchScreen.storyboard in Resources */,
				9FF2975323E44868004856E7 /* NewsImageCellCollectionViewCell.xib in Resources */,
				9F0E4EF423BA347D0072FD34 /* Assets.xcassets in Resources */,
				9FFE5F4D23D5D21800883D51 /* CustomCell.xib in Resources */,
				9F0E4EDC23B4F1580072FD34 /* Main.storyboard in Resources */,
				9FFE5F5123D5DF8200883D51 /* PhotoCell.xib in Resources */,
			);
			runOnlyForDeploymentPostprocessing = 0;
		};
/* End PBXResourcesBuildPhase section */

/* Begin PBXShellScriptBuildPhase section */
		85AA8CFA40A014349D30CA60 /* [CP] Check Pods Manifest.lock */ = {
			isa = PBXShellScriptBuildPhase;
			buildActionMask = 2147483647;
			files = (
			);
			inputFileListPaths = (
			);
			inputPaths = (
				"${PODS_PODFILE_DIR_PATH}/Podfile.lock",
				"${PODS_ROOT}/Manifest.lock",
			);
			name = "[CP] Check Pods Manifest.lock";
			outputFileListPaths = (
			);
			outputPaths = (
				"$(DERIVED_FILE_DIR)/Pods-GeekBrainsVkClient-checkManifestLockResult.txt",
			);
			runOnlyForDeploymentPostprocessing = 0;
			shellPath = /bin/sh;
			shellScript = "diff \"${PODS_PODFILE_DIR_PATH}/Podfile.lock\" \"${PODS_ROOT}/Manifest.lock\" > /dev/null\nif [ $? != 0 ] ; then\n    # print error to STDERR\n    echo \"error: The sandbox is not in sync with the Podfile.lock. Run 'pod install' or update your CocoaPods installation.\" >&2\n    exit 1\nfi\n# This output is used by Xcode 'outputs' to avoid re-running this script phase.\necho \"SUCCESS\" > \"${SCRIPT_OUTPUT_FILE_0}\"\n";
			showEnvVarsInLog = 0;
		};
		A7379C5A630EC5BC9F42E07A /* [CP] Embed Pods Frameworks */ = {
			isa = PBXShellScriptBuildPhase;
			buildActionMask = 2147483647;
			files = (
			);
			inputFileListPaths = (
				"${PODS_ROOT}/Target Support Files/Pods-GeekBrainsVkClient/Pods-GeekBrainsVkClient-frameworks-${CONFIGURATION}-input-files.xcfilelist",
			);
			name = "[CP] Embed Pods Frameworks";
			outputFileListPaths = (
				"${PODS_ROOT}/Target Support Files/Pods-GeekBrainsVkClient/Pods-GeekBrainsVkClient-frameworks-${CONFIGURATION}-output-files.xcfilelist",
			);
			runOnlyForDeploymentPostprocessing = 0;
			shellPath = /bin/sh;
			shellScript = "\"${PODS_ROOT}/Target Support Files/Pods-GeekBrainsVkClient/Pods-GeekBrainsVkClient-frameworks.sh\"\n";
			showEnvVarsInLog = 0;
		};
/* End PBXShellScriptBuildPhase section */

/* Begin PBXSourcesBuildPhase section */
		9F0E4ECD23B4F1580072FD34 /* Sources */ = {
			isa = PBXSourcesBuildPhase;
			buildActionMask = 2147483647;
			files = (
				9FF2974823E31439004856E7 /* UserGroupsController.swift in Sources */,
				9FF2973F23E06576004856E7 /* FriendsPhotoController.swift in Sources */,
				9FFE5F7C23D9F60D00883D51 /* LikeMeter.swift in Sources */,
				9FFE5F4C23D5D21800883D51 /* CustomCell.swift in Sources */,
				9FFE5F5323D6016B00883D51 /* GroupCell.swift in Sources */,
				9FE0442823EDA89100035826 /* DetailView.swift in Sources */,
				9FF2973723DF0FDD004856E7 /* NSObject+Extension.swift in Sources */,
				9F0E4EFA23C036D40072FD34 /* LoginScreenTextField.swift in Sources */,
				9F0E4EF223BA2BC60072FD34 /* LoginViewController.swift in Sources */,
				9FFE5F1723CF497000883D51 /* GroupsTableViewController.swift in Sources */,
				9F0E4ED523B4F1580072FD34 /* AppDelegate.swift in Sources */,
				9FF2974E23E44836004856E7 /* NewsCell.swift in Sources */,
				9FFE5F1323CF48B200883D51 /* TestModels.swift in Sources */,
				9FF2973B23DF1294004856E7 /* FriendListController.swift in Sources */,
				9FF2975223E44868004856E7 /* NewsImageCellCollectionViewCell.swift in Sources */,
				9F2D99F3241FB805006BD8CE /* Login.swift in Sources */,
				9FE0442623EAE77F00035826 /* SpringImage.swift in Sources */,
				9FF2974A23E446D7004856E7 /* NewsController.swift in Sources */,
				9FFE5F5723D9D74400883D51 /* ShadowView.swift in Sources */,
				9F2D99F5241FD83D006BD8CE /* API.swift in Sources */,
				9FFE5F5023D5DF8200883D51 /* PhotoCell.swift in Sources */,
				9F2D99F1241BA97B006BD8CE /* Session.swift in Sources */,
				9FF2973923DF106A004856E7 /* UIKit+Extension.swift in Sources */,
				9F0E4ED723B4F1580072FD34 /* SceneDelegate.swift in Sources */,
				9FE0441723E99FD000035826 /* SplashView.swift in Sources */,
			);
			runOnlyForDeploymentPostprocessing = 0;
		};
/* End PBXSourcesBuildPhase section */

/* Begin PBXVariantGroup section */
		9F0E4EDA23B4F1580072FD34 /* Main.storyboard */ = {
			isa = PBXVariantGroup;
			children = (
				9F0E4EDB23B4F1580072FD34 /* Base */,
			);
			name = Main.storyboard;
			sourceTree = "<group>";
		};
		9F0E4EDF23B4F15A0072FD34 /* LaunchScreen.storyboard */ = {
			isa = PBXVariantGroup;
			children = (
				9F0E4EE023B4F15A0072FD34 /* Base */,
			);
			name = LaunchScreen.storyboard;
			sourceTree = "<group>";
		};
/* End PBXVariantGroup section */

/* Begin XCBuildConfiguration section */
		9F0E4EE323B4F15A0072FD34 /* Debug */ = {
			isa = XCBuildConfiguration;
			buildSettings = {
				ALWAYS_SEARCH_USER_PATHS = NO;
				CLANG_ANALYZER_NONNULL = YES;
				CLANG_ANALYZER_NUMBER_OBJECT_CONVERSION = YES_AGGRESSIVE;
				CLANG_CXX_LANGUAGE_STANDARD = "gnu++14";
				CLANG_CXX_LIBRARY = "libc++";
				CLANG_ENABLE_MODULES = YES;
				CLANG_ENABLE_OBJC_ARC = YES;
				CLANG_ENABLE_OBJC_WEAK = YES;
				CLANG_WARN_BLOCK_CAPTURE_AUTORELEASING = YES;
				CLANG_WARN_BOOL_CONVERSION = YES;
				CLANG_WARN_COMMA = YES;
				CLANG_WARN_CONSTANT_CONVERSION = YES;
				CLANG_WARN_DEPRECATED_OBJC_IMPLEMENTATIONS = YES;
				CLANG_WARN_DIRECT_OBJC_ISA_USAGE = YES_ERROR;
				CLANG_WARN_DOCUMENTATION_COMMENTS = YES;
				CLANG_WARN_EMPTY_BODY = YES;
				CLANG_WARN_ENUM_CONVERSION = YES;
				CLANG_WARN_INFINITE_RECURSION = YES;
				CLANG_WARN_INT_CONVERSION = YES;
				CLANG_WARN_NON_LITERAL_NULL_CONVERSION = YES;
				CLANG_WARN_OBJC_IMPLICIT_RETAIN_SELF = YES;
				CLANG_WARN_OBJC_LITERAL_CONVERSION = YES;
				CLANG_WARN_OBJC_ROOT_CLASS = YES_ERROR;
				CLANG_WARN_RANGE_LOOP_ANALYSIS = YES;
				CLANG_WARN_STRICT_PROTOTYPES = YES;
				CLANG_WARN_SUSPICIOUS_MOVE = YES;
				CLANG_WARN_UNGUARDED_AVAILABILITY = YES_AGGRESSIVE;
				CLANG_WARN_UNREACHABLE_CODE = YES;
				CLANG_WARN__DUPLICATE_METHOD_MATCH = YES;
				COPY_PHASE_STRIP = NO;
				DEBUG_INFORMATION_FORMAT = dwarf;
				ENABLE_STRICT_OBJC_MSGSEND = YES;
				ENABLE_TESTABILITY = YES;
				GCC_C_LANGUAGE_STANDARD = gnu11;
				GCC_DYNAMIC_NO_PIC = NO;
				GCC_NO_COMMON_BLOCKS = YES;
				GCC_OPTIMIZATION_LEVEL = 0;
				GCC_PREPROCESSOR_DEFINITIONS = (
					"DEBUG=1",
					"$(inherited)",
				);
				GCC_WARN_64_TO_32_BIT_CONVERSION = YES;
				GCC_WARN_ABOUT_RETURN_TYPE = YES_ERROR;
				GCC_WARN_UNDECLARED_SELECTOR = YES;
				GCC_WARN_UNINITIALIZED_AUTOS = YES_AGGRESSIVE;
				GCC_WARN_UNUSED_FUNCTION = YES;
				GCC_WARN_UNUSED_VARIABLE = YES;
				IPHONEOS_DEPLOYMENT_TARGET = 13.2;
				MTL_ENABLE_DEBUG_INFO = INCLUDE_SOURCE;
				MTL_FAST_MATH = YES;
				ONLY_ACTIVE_ARCH = YES;
				SDKROOT = iphoneos;
				SWIFT_ACTIVE_COMPILATION_CONDITIONS = DEBUG;
				SWIFT_OPTIMIZATION_LEVEL = "-Onone";
			};
			name = Debug;
		};
		9F0E4EE423B4F15A0072FD34 /* Release */ = {
			isa = XCBuildConfiguration;
			buildSettings = {
				ALWAYS_SEARCH_USER_PATHS = NO;
				CLANG_ANALYZER_NONNULL = YES;
				CLANG_ANALYZER_NUMBER_OBJECT_CONVERSION = YES_AGGRESSIVE;
				CLANG_CXX_LANGUAGE_STANDARD = "gnu++14";
				CLANG_CXX_LIBRARY = "libc++";
				CLANG_ENABLE_MODULES = YES;
				CLANG_ENABLE_OBJC_ARC = YES;
				CLANG_ENABLE_OBJC_WEAK = YES;
				CLANG_WARN_BLOCK_CAPTURE_AUTORELEASING = YES;
				CLANG_WARN_BOOL_CONVERSION = YES;
				CLANG_WARN_COMMA = YES;
				CLANG_WARN_CONSTANT_CONVERSION = YES;
				CLANG_WARN_DEPRECATED_OBJC_IMPLEMENTATIONS = YES;
				CLANG_WARN_DIRECT_OBJC_ISA_USAGE = YES_ERROR;
				CLANG_WARN_DOCUMENTATION_COMMENTS = YES;
				CLANG_WARN_EMPTY_BODY = YES;
				CLANG_WARN_ENUM_CONVERSION = YES;
				CLANG_WARN_INFINITE_RECURSION = YES;
				CLANG_WARN_INT_CONVERSION = YES;
				CLANG_WARN_NON_LITERAL_NULL_CONVERSION = YES;
				CLANG_WARN_OBJC_IMPLICIT_RETAIN_SELF = YES;
				CLANG_WARN_OBJC_LITERAL_CONVERSION = YES;
				CLANG_WARN_OBJC_ROOT_CLASS = YES_ERROR;
				CLANG_WARN_RANGE_LOOP_ANALYSIS = YES;
				CLANG_WARN_STRICT_PROTOTYPES = YES;
				CLANG_WARN_SUSPICIOUS_MOVE = YES;
				CLANG_WARN_UNGUARDED_AVAILABILITY = YES_AGGRESSIVE;
				CLANG_WARN_UNREACHABLE_CODE = YES;
				CLANG_WARN__DUPLICATE_METHOD_MATCH = YES;
				COPY_PHASE_STRIP = NO;
				DEBUG_INFORMATION_FORMAT = "dwarf-with-dsym";
				ENABLE_NS_ASSERTIONS = NO;
				ENABLE_STRICT_OBJC_MSGSEND = YES;
				GCC_C_LANGUAGE_STANDARD = gnu11;
				GCC_NO_COMMON_BLOCKS = YES;
				GCC_WARN_64_TO_32_BIT_CONVERSION = YES;
				GCC_WARN_ABOUT_RETURN_TYPE = YES_ERROR;
				GCC_WARN_UNDECLARED_SELECTOR = YES;
				GCC_WARN_UNINITIALIZED_AUTOS = YES_AGGRESSIVE;
				GCC_WARN_UNUSED_FUNCTION = YES;
				GCC_WARN_UNUSED_VARIABLE = YES;
				IPHONEOS_DEPLOYMENT_TARGET = 13.2;
				MTL_ENABLE_DEBUG_INFO = NO;
				MTL_FAST_MATH = YES;
				SDKROOT = iphoneos;
				SWIFT_COMPILATION_MODE = wholemodule;
				SWIFT_OPTIMIZATION_LEVEL = "-O";
				VALIDATE_PRODUCT = YES;
			};
			name = Release;
		};
		9F0E4EE623B4F15A0072FD34 /* Debug */ = {
			isa = XCBuildConfiguration;
			baseConfigurationReference = 7F756A0B764E97D5A5A6F316 /* Pods-GeekBrainsVkClient.debug.xcconfig */;
			buildSettings = {
				ASSETCATALOG_COMPILER_APPICON_NAME = AppIcon;
				CODE_SIGN_STYLE = Automatic;
				DEVELOPMENT_TEAM = XZA8H37U6W;
				INFOPLIST_FILE = GeekBrainsVkClient/Info.plist;
				LD_RUNPATH_SEARCH_PATHS = (
					"$(inherited)",
					"@executable_path/Frameworks",
				);
				PRODUCT_BUNDLE_IDENTIFIER = Yakumo.GeekBrainsVkClient;
				PRODUCT_NAME = "$(TARGET_NAME)";
				SWIFT_VERSION = 5.0;
				TARGETED_DEVICE_FAMILY = "1,2";
			};
			name = Debug;
		};
		9F0E4EE723B4F15A0072FD34 /* Release */ = {
			isa = XCBuildConfiguration;
			baseConfigurationReference = 64F3C8BAD28254D4BD5B6F54 /* Pods-GeekBrainsVkClient.release.xcconfig */;
			buildSettings = {
				ASSETCATALOG_COMPILER_APPICON_NAME = AppIcon;
				CODE_SIGN_STYLE = Automatic;
				DEVELOPMENT_TEAM = XZA8H37U6W;
				INFOPLIST_FILE = GeekBrainsVkClient/Info.plist;
				LD_RUNPATH_SEARCH_PATHS = (
					"$(inherited)",
					"@executable_path/Frameworks",
				);
				PRODUCT_BUNDLE_IDENTIFIER = Yakumo.GeekBrainsVkClient;
				PRODUCT_NAME = "$(TARGET_NAME)";
				SWIFT_VERSION = 5.0;
				TARGETED_DEVICE_FAMILY = "1,2";
			};
			name = Release;
		};
/* End XCBuildConfiguration section */

/* Begin XCConfigurationList section */
		9F0E4ECC23B4F1580072FD34 /* Build configuration list for PBXProject "GeekBrainsVkClient" */ = {
			isa = XCConfigurationList;
			buildConfigurations = (
				9F0E4EE323B4F15A0072FD34 /* Debug */,
				9F0E4EE423B4F15A0072FD34 /* Release */,
			);
			defaultConfigurationIsVisible = 0;
			defaultConfigurationName = Release;
		};
		9F0E4EE523B4F15A0072FD34 /* Build configuration list for PBXNativeTarget "GeekBrainsVkClient" */ = {
			isa = XCConfigurationList;
			buildConfigurations = (
				9F0E4EE623B4F15A0072FD34 /* Debug */,
				9F0E4EE723B4F15A0072FD34 /* Release */,
			);
			defaultConfigurationIsVisible = 0;
			defaultConfigurationName = Release;
		};
/* End XCConfigurationList section */
	};
	rootObject = 9F0E4EC923B4F1580072FD34 /* Project object */;
}
